// !$*UTF8*$!
{
	archiveVersion = 1;
	classes = {
	};
	objectVersion = 46;
	objects = {

/* Begin PBXBuildFile section */
		0408ADE719D173E700F8D0C1 /* MatchesData.m in Sources */ = {isa = PBXBuildFile; fileRef = 0408ADE619D173E700F8D0C1 /* MatchesData.m */; };
		04A5123919C81D38005CE435 /* Foundation.framework in Frameworks */ = {isa = PBXBuildFile; fileRef = 04A5123819C81D38005CE435 /* Foundation.framework */; };
		04A5123B19C81D38005CE435 /* CoreGraphics.framework in Frameworks */ = {isa = PBXBuildFile; fileRef = 04A5123A19C81D38005CE435 /* CoreGraphics.framework */; };
		04A5123D19C81D38005CE435 /* UIKit.framework in Frameworks */ = {isa = PBXBuildFile; fileRef = 04A5123C19C81D38005CE435 /* UIKit.framework */; };
		04A5124319C81D38005CE435 /* InfoPlist.strings in Resources */ = {isa = PBXBuildFile; fileRef = 04A5124119C81D38005CE435 /* InfoPlist.strings */; };
		04A5124519C81D38005CE435 /* main.m in Sources */ = {isa = PBXBuildFile; fileRef = 04A5124419C81D38005CE435 /* main.m */; };
		04A5124919C81D38005CE435 /* AppDelegate.m in Sources */ = {isa = PBXBuildFile; fileRef = 04A5124819C81D38005CE435 /* AppDelegate.m */; };
		04A5124B19C81D38005CE435 /* Images.xcassets in Resources */ = {isa = PBXBuildFile; fileRef = 04A5124A19C81D38005CE435 /* Images.xcassets */; };
		04A5125219C81D38005CE435 /* XCTest.framework in Frameworks */ = {isa = PBXBuildFile; fileRef = 04A5125119C81D38005CE435 /* XCTest.framework */; };
		04A5125319C81D38005CE435 /* Foundation.framework in Frameworks */ = {isa = PBXBuildFile; fileRef = 04A5123819C81D38005CE435 /* Foundation.framework */; };
		04A5125419C81D38005CE435 /* UIKit.framework in Frameworks */ = {isa = PBXBuildFile; fileRef = 04A5123C19C81D38005CE435 /* UIKit.framework */; };
		04A5125C19C81D38005CE435 /* InfoPlist.strings in Resources */ = {isa = PBXBuildFile; fileRef = 04A5125A19C81D38005CE435 /* InfoPlist.strings */; };
		04A5125E19C81D38005CE435 /* DOTAidTests.m in Sources */ = {isa = PBXBuildFile; fileRef = 04A5125D19C81D38005CE435 /* DOTAidTests.m */; };
		04AD2F8519EB7E980040A91C /* CellList.plist in Resources */ = {isa = PBXBuildFile; fileRef = 04AD2F8419EB7E980040A91C /* CellList.plist */; };
		04AE90C819CC2036009CA1F0 /* JSONKit.m in Sources */ = {isa = PBXBuildFile; fileRef = 04AE90B819CC2036009CA1F0 /* JSONKit.m */; settings = {COMPILER_FLAGS = "-fno-objc-arc"; }; };
		04AE90F319CC2650009CA1F0 /* CFNetwork.framework in Frameworks */ = {isa = PBXBuildFile; fileRef = 04AE90F219CC2650009CA1F0 /* CFNetwork.framework */; };
		04AE90F519CC265B009CA1F0 /* SystemConfiguration.framework in Frameworks */ = {isa = PBXBuildFile; fileRef = 04AE90F419CC265B009CA1F0 /* SystemConfiguration.framework */; };
		04AE90F719CC2665009CA1F0 /* MobileCoreServices.framework in Frameworks */ = {isa = PBXBuildFile; fileRef = 04AE90F619CC2665009CA1F0 /* MobileCoreServices.framework */; };
		04AE90F919CC267E009CA1F0 /* libz.dylib in Frameworks */ = {isa = PBXBuildFile; fileRef = 04AE90F819CC267E009CA1F0 /* libz.dylib */; };
		39E271A21AB814F200856D12 /* ApiDataManager.m in Sources */ = {isa = PBXBuildFile; fileRef = 39E271A11AB814F200856D12 /* ApiDataManager.m */; };
		39E271B71AB81D9900856D12 /* AFHTTPRequestOperation.m in Sources */ = {isa = PBXBuildFile; fileRef = 39E271A51AB81D9900856D12 /* AFHTTPRequestOperation.m */; };
		39E271B81AB81D9900856D12 /* AFHTTPRequestOperationManager.m in Sources */ = {isa = PBXBuildFile; fileRef = 39E271A71AB81D9900856D12 /* AFHTTPRequestOperationManager.m */; };
		39E271B91AB81D9900856D12 /* AFHTTPSessionManager.m in Sources */ = {isa = PBXBuildFile; fileRef = 39E271A91AB81D9900856D12 /* AFHTTPSessionManager.m */; };
		39E271BA1AB81D9900856D12 /* AFNetworkReachabilityManager.m in Sources */ = {isa = PBXBuildFile; fileRef = 39E271AC1AB81D9900856D12 /* AFNetworkReachabilityManager.m */; };
		39E271BB1AB81D9900856D12 /* AFSecurityPolicy.m in Sources */ = {isa = PBXBuildFile; fileRef = 39E271AE1AB81D9900856D12 /* AFSecurityPolicy.m */; };
		39E271BC1AB81D9900856D12 /* AFURLConnectionOperation.m in Sources */ = {isa = PBXBuildFile; fileRef = 39E271B01AB81D9900856D12 /* AFURLConnectionOperation.m */; };
		39E271BD1AB81D9900856D12 /* AFURLRequestSerialization.m in Sources */ = {isa = PBXBuildFile; fileRef = 39E271B21AB81D9900856D12 /* AFURLRequestSerialization.m */; };
		39E271BE1AB81D9900856D12 /* AFURLResponseSerialization.m in Sources */ = {isa = PBXBuildFile; fileRef = 39E271B41AB81D9900856D12 /* AFURLResponseSerialization.m */; };
		39E271BF1AB81D9900856D12 /* AFURLSessionManager.m in Sources */ = {isa = PBXBuildFile; fileRef = 39E271B61AB81D9900856D12 /* AFURLSessionManager.m */; };
		B71C0FC31AEA2E8000D43BCF /* RECommonFunctions.m in Sources */ = {isa = PBXBuildFile; fileRef = B71C0FBE1AEA2E8000D43BCF /* RECommonFunctions.m */; };
		B71C0FC41AEA2E8000D43BCF /* RESideMenu.m in Sources */ = {isa = PBXBuildFile; fileRef = B71C0FC01AEA2E8000D43BCF /* RESideMenu.m */; };
		B71C0FC51AEA2E8000D43BCF /* UIViewController+RESideMenu.m in Sources */ = {isa = PBXBuildFile; fileRef = B71C0FC21AEA2E8000D43BCF /* UIViewController+RESideMenu.m */; };
		B71C0FC81AEA347A00D43BCF /* HomeViewController.m in Sources */ = {isa = PBXBuildFile; fileRef = B71C0FC71AEA347A00D43BCF /* HomeViewController.m */; };
		B71C0FCB1AEA350900D43BCF /* LeftMenuViewController.m in Sources */ = {isa = PBXBuildFile; fileRef = B71C0FCA1AEA350900D43BCF /* LeftMenuViewController.m */; };
/* End PBXBuildFile section */

/* Begin PBXContainerItemProxy section */
		04A5125519C81D38005CE435 /* PBXContainerItemProxy */ = {
			isa = PBXContainerItemProxy;
			containerPortal = 04A5122D19C81D38005CE435 /* Project object */;
			proxyType = 1;
			remoteGlobalIDString = 04A5123419C81D38005CE435;
			remoteInfo = DOTAid;
		};
/* End PBXContainerItemProxy section */

/* Begin PBXFileReference section */
		0408ADE519D173E700F8D0C1 /* MatchesData.h */ = {isa = PBXFileReference; fileEncoding = 4; lastKnownFileType = sourcecode.c.h; name = MatchesData.h; path = DOTAid/MatchesData.h; sourceTree = "<group>"; };
		0408ADE619D173E700F8D0C1 /* MatchesData.m */ = {isa = PBXFileReference; fileEncoding = 4; lastKnownFileType = sourcecode.c.objc; name = MatchesData.m; path = DOTAid/MatchesData.m; sourceTree = "<group>"; };
		04A5123519C81D38005CE435 /* DOTAid.app */ = {isa = PBXFileReference; explicitFileType = wrapper.application; includeInIndex = 0; path = DOTAid.app; sourceTree = BUILT_PRODUCTS_DIR; };
		04A5123819C81D38005CE435 /* Foundation.framework */ = {isa = PBXFileReference; lastKnownFileType = wrapper.framework; name = Foundation.framework; path = System/Library/Frameworks/Foundation.framework; sourceTree = SDKROOT; };
		04A5123A19C81D38005CE435 /* CoreGraphics.framework */ = {isa = PBXFileReference; lastKnownFileType = wrapper.framework; name = CoreGraphics.framework; path = System/Library/Frameworks/CoreGraphics.framework; sourceTree = SDKROOT; };
		04A5123C19C81D38005CE435 /* UIKit.framework */ = {isa = PBXFileReference; lastKnownFileType = wrapper.framework; name = UIKit.framework; path = System/Library/Frameworks/UIKit.framework; sourceTree = SDKROOT; };
		04A5124019C81D38005CE435 /* DOTAid-Info.plist */ = {isa = PBXFileReference; lastKnownFileType = text.plist.xml; path = "DOTAid-Info.plist"; sourceTree = "<group>"; };
		04A5124219C81D38005CE435 /* en */ = {isa = PBXFileReference; lastKnownFileType = text.plist.strings; name = en; path = en.lproj/InfoPlist.strings; sourceTree = "<group>"; };
		04A5124419C81D38005CE435 /* main.m */ = {isa = PBXFileReference; lastKnownFileType = sourcecode.c.objc; path = main.m; sourceTree = "<group>"; };
		04A5124619C81D38005CE435 /* DOTAid-Prefix.pch */ = {isa = PBXFileReference; lastKnownFileType = sourcecode.c.h; path = "DOTAid-Prefix.pch"; sourceTree = "<group>"; };
		04A5124719C81D38005CE435 /* AppDelegate.h */ = {isa = PBXFileReference; lastKnownFileType = sourcecode.c.h; path = AppDelegate.h; sourceTree = "<group>"; };
		04A5124819C81D38005CE435 /* AppDelegate.m */ = {isa = PBXFileReference; lastKnownFileType = sourcecode.c.objc; path = AppDelegate.m; sourceTree = "<group>"; };
		04A5124A19C81D38005CE435 /* Images.xcassets */ = {isa = PBXFileReference; lastKnownFileType = folder.assetcatalog; path = Images.xcassets; sourceTree = "<group>"; };
		04A5125019C81D38005CE435 /* DOTAidTests.xctest */ = {isa = PBXFileReference; explicitFileType = wrapper.cfbundle; includeInIndex = 0; path = DOTAidTests.xctest; sourceTree = BUILT_PRODUCTS_DIR; };
		04A5125119C81D38005CE435 /* XCTest.framework */ = {isa = PBXFileReference; lastKnownFileType = wrapper.framework; name = XCTest.framework; path = Library/Frameworks/XCTest.framework; sourceTree = DEVELOPER_DIR; };
		04A5125919C81D38005CE435 /* DOTAidTests-Info.plist */ = {isa = PBXFileReference; lastKnownFileType = text.plist.xml; path = "DOTAidTests-Info.plist"; sourceTree = "<group>"; };
		04A5125B19C81D38005CE435 /* en */ = {isa = PBXFileReference; lastKnownFileType = text.plist.strings; name = en; path = en.lproj/InfoPlist.strings; sourceTree = "<group>"; };
		04A5125D19C81D38005CE435 /* DOTAidTests.m */ = {isa = PBXFileReference; lastKnownFileType = sourcecode.c.objc; path = DOTAidTests.m; sourceTree = "<group>"; };
		04AD2F8419EB7E980040A91C /* CellList.plist */ = {isa = PBXFileReference; fileEncoding = 4; lastKnownFileType = text.plist.xml; path = CellList.plist; sourceTree = "<group>"; };
		04AE90B719CC2036009CA1F0 /* JSONKit.h */ = {isa = PBXFileReference; fileEncoding = 4; lastKnownFileType = sourcecode.c.h; path = JSONKit.h; sourceTree = "<group>"; };
		04AE90B819CC2036009CA1F0 /* JSONKit.m */ = {isa = PBXFileReference; fileEncoding = 4; lastKnownFileType = sourcecode.c.objc; path = JSONKit.m; sourceTree = "<group>"; };
		04AE90F219CC2650009CA1F0 /* CFNetwork.framework */ = {isa = PBXFileReference; lastKnownFileType = wrapper.framework; name = CFNetwork.framework; path = System/Library/Frameworks/CFNetwork.framework; sourceTree = SDKROOT; };
		04AE90F419CC265B009CA1F0 /* SystemConfiguration.framework */ = {isa = PBXFileReference; lastKnownFileType = wrapper.framework; name = SystemConfiguration.framework; path = System/Library/Frameworks/SystemConfiguration.framework; sourceTree = SDKROOT; };
		04AE90F619CC2665009CA1F0 /* MobileCoreServices.framework */ = {isa = PBXFileReference; lastKnownFileType = wrapper.framework; name = MobileCoreServices.framework; path = System/Library/Frameworks/MobileCoreServices.framework; sourceTree = SDKROOT; };
		04AE90F819CC267E009CA1F0 /* libz.dylib */ = {isa = PBXFileReference; lastKnownFileType = "compiled.mach-o.dylib"; name = libz.dylib; path = usr/lib/libz.dylib; sourceTree = SDKROOT; };
		39E271A01AB814F200856D12 /* ApiDataManager.h */ = {isa = PBXFileReference; fileEncoding = 4; lastKnownFileType = sourcecode.c.h; name = ApiDataManager.h; path = DOTAid/ApiDataManager.h; sourceTree = "<group>"; };
		39E271A11AB814F200856D12 /* ApiDataManager.m */ = {isa = PBXFileReference; fileEncoding = 4; lastKnownFileType = sourcecode.c.objc; name = ApiDataManager.m; path = DOTAid/ApiDataManager.m; sourceTree = "<group>"; };
		39E271A41AB81D9900856D12 /* AFHTTPRequestOperation.h */ = {isa = PBXFileReference; fileEncoding = 4; lastKnownFileType = sourcecode.c.h; path = AFHTTPRequestOperation.h; sourceTree = "<group>"; };
		39E271A51AB81D9900856D12 /* AFHTTPRequestOperation.m */ = {isa = PBXFileReference; fileEncoding = 4; lastKnownFileType = sourcecode.c.objc; path = AFHTTPRequestOperation.m; sourceTree = "<group>"; };
		39E271A61AB81D9900856D12 /* AFHTTPRequestOperationManager.h */ = {isa = PBXFileReference; fileEncoding = 4; lastKnownFileType = sourcecode.c.h; path = AFHTTPRequestOperationManager.h; sourceTree = "<group>"; };
		39E271A71AB81D9900856D12 /* AFHTTPRequestOperationManager.m */ = {isa = PBXFileReference; fileEncoding = 4; lastKnownFileType = sourcecode.c.objc; path = AFHTTPRequestOperationManager.m; sourceTree = "<group>"; };
		39E271A81AB81D9900856D12 /* AFHTTPSessionManager.h */ = {isa = PBXFileReference; fileEncoding = 4; lastKnownFileType = sourcecode.c.h; path = AFHTTPSessionManager.h; sourceTree = "<group>"; };
		39E271A91AB81D9900856D12 /* AFHTTPSessionManager.m */ = {isa = PBXFileReference; fileEncoding = 4; lastKnownFileType = sourcecode.c.objc; path = AFHTTPSessionManager.m; sourceTree = "<group>"; };
		39E271AA1AB81D9900856D12 /* AFNetworking.h */ = {isa = PBXFileReference; fileEncoding = 4; lastKnownFileType = sourcecode.c.h; path = AFNetworking.h; sourceTree = "<group>"; };
		39E271AB1AB81D9900856D12 /* AFNetworkReachabilityManager.h */ = {isa = PBXFileReference; fileEncoding = 4; lastKnownFileType = sourcecode.c.h; path = AFNetworkReachabilityManager.h; sourceTree = "<group>"; };
		39E271AC1AB81D9900856D12 /* AFNetworkReachabilityManager.m */ = {isa = PBXFileReference; fileEncoding = 4; lastKnownFileType = sourcecode.c.objc; path = AFNetworkReachabilityManager.m; sourceTree = "<group>"; };
		39E271AD1AB81D9900856D12 /* AFSecurityPolicy.h */ = {isa = PBXFileReference; fileEncoding = 4; lastKnownFileType = sourcecode.c.h; path = AFSecurityPolicy.h; sourceTree = "<group>"; };
		39E271AE1AB81D9900856D12 /* AFSecurityPolicy.m */ = {isa = PBXFileReference; fileEncoding = 4; lastKnownFileType = sourcecode.c.objc; path = AFSecurityPolicy.m; sourceTree = "<group>"; };
		39E271AF1AB81D9900856D12 /* AFURLConnectionOperation.h */ = {isa = PBXFileReference; fileEncoding = 4; lastKnownFileType = sourcecode.c.h; path = AFURLConnectionOperation.h; sourceTree = "<group>"; };
		39E271B01AB81D9900856D12 /* AFURLConnectionOperation.m */ = {isa = PBXFileReference; fileEncoding = 4; lastKnownFileType = sourcecode.c.objc; path = AFURLConnectionOperation.m; sourceTree = "<group>"; };
		39E271B11AB81D9900856D12 /* AFURLRequestSerialization.h */ = {isa = PBXFileReference; fileEncoding = 4; lastKnownFileType = sourcecode.c.h; path = AFURLRequestSerialization.h; sourceTree = "<group>"; };
		39E271B21AB81D9900856D12 /* AFURLRequestSerialization.m */ = {isa = PBXFileReference; fileEncoding = 4; lastKnownFileType = sourcecode.c.objc; path = AFURLRequestSerialization.m; sourceTree = "<group>"; };
		39E271B31AB81D9900856D12 /* AFURLResponseSerialization.h */ = {isa = PBXFileReference; fileEncoding = 4; lastKnownFileType = sourcecode.c.h; path = AFURLResponseSerialization.h; sourceTree = "<group>"; };
		39E271B41AB81D9900856D12 /* AFURLResponseSerialization.m */ = {isa = PBXFileReference; fileEncoding = 4; lastKnownFileType = sourcecode.c.objc; path = AFURLResponseSerialization.m; sourceTree = "<group>"; };
		39E271B51AB81D9900856D12 /* AFURLSessionManager.h */ = {isa = PBXFileReference; fileEncoding = 4; lastKnownFileType = sourcecode.c.h; path = AFURLSessionManager.h; sourceTree = "<group>"; };
		39E271B61AB81D9900856D12 /* AFURLSessionManager.m */ = {isa = PBXFileReference; fileEncoding = 4; lastKnownFileType = sourcecode.c.objc; path = AFURLSessionManager.m; sourceTree = "<group>"; };
		B71C0FBD1AEA2E8000D43BCF /* RECommonFunctions.h */ = {isa = PBXFileReference; fileEncoding = 4; lastKnownFileType = sourcecode.c.h; path = RECommonFunctions.h; sourceTree = "<group>"; };
		B71C0FBE1AEA2E8000D43BCF /* RECommonFunctions.m */ = {isa = PBXFileReference; fileEncoding = 4; lastKnownFileType = sourcecode.c.objc; path = RECommonFunctions.m; sourceTree = "<group>"; };
		B71C0FBF1AEA2E8000D43BCF /* RESideMenu.h */ = {isa = PBXFileReference; fileEncoding = 4; lastKnownFileType = sourcecode.c.h; path = RESideMenu.h; sourceTree = "<group>"; };
		B71C0FC01AEA2E8000D43BCF /* RESideMenu.m */ = {isa = PBXFileReference; fileEncoding = 4; lastKnownFileType = sourcecode.c.objc; path = RESideMenu.m; sourceTree = "<group>"; };
		B71C0FC11AEA2E8000D43BCF /* UIViewController+RESideMenu.h */ = {isa = PBXFileReference; fileEncoding = 4; lastKnownFileType = sourcecode.c.h; path = "UIViewController+RESideMenu.h"; sourceTree = "<group>"; };
		B71C0FC21AEA2E8000D43BCF /* UIViewController+RESideMenu.m */ = {isa = PBXFileReference; fileEncoding = 4; lastKnownFileType = sourcecode.c.objc; path = "UIViewController+RESideMenu.m"; sourceTree = "<group>"; };
		B71C0FC61AEA347A00D43BCF /* HomeViewController.h */ = {isa = PBXFileReference; fileEncoding = 4; lastKnownFileType = sourcecode.c.h; name = HomeViewController.h; path = DOTAid/HomeViewController.h; sourceTree = "<group>"; };
		B71C0FC71AEA347A00D43BCF /* HomeViewController.m */ = {isa = PBXFileReference; fileEncoding = 4; lastKnownFileType = sourcecode.c.objc; name = HomeViewController.m; path = DOTAid/HomeViewController.m; sourceTree = "<group>"; };
		B71C0FC91AEA350900D43BCF /* LeftMenuViewController.h */ = {isa = PBXFileReference; fileEncoding = 4; lastKnownFileType = sourcecode.c.h; name = LeftMenuViewController.h; path = DOTAid/LeftMenuViewController.h; sourceTree = "<group>"; };
		B71C0FCA1AEA350900D43BCF /* LeftMenuViewController.m */ = {isa = PBXFileReference; fileEncoding = 4; lastKnownFileType = sourcecode.c.objc; name = LeftMenuViewController.m; path = DOTAid/LeftMenuViewController.m; sourceTree = "<group>"; };
/* End PBXFileReference section */

/* Begin PBXFrameworksBuildPhase section */
		04A5123219C81D38005CE435 /* Frameworks */ = {
			isa = PBXFrameworksBuildPhase;
			buildActionMask = 2147483647;
			files = (
				04AE90F919CC267E009CA1F0 /* libz.dylib in Frameworks */,
				04AE90F719CC2665009CA1F0 /* MobileCoreServices.framework in Frameworks */,
				04AE90F519CC265B009CA1F0 /* SystemConfiguration.framework in Frameworks */,
				04AE90F319CC2650009CA1F0 /* CFNetwork.framework in Frameworks */,
				04A5123B19C81D38005CE435 /* CoreGraphics.framework in Frameworks */,
				04A5123D19C81D38005CE435 /* UIKit.framework in Frameworks */,
				04A5123919C81D38005CE435 /* Foundation.framework in Frameworks */,
			);
			runOnlyForDeploymentPostprocessing = 0;
		};
		04A5124D19C81D38005CE435 /* Frameworks */ = {
			isa = PBXFrameworksBuildPhase;
			buildActionMask = 2147483647;
			files = (
				04A5125219C81D38005CE435 /* XCTest.framework in Frameworks */,
				04A5125419C81D38005CE435 /* UIKit.framework in Frameworks */,
				04A5125319C81D38005CE435 /* Foundation.framework in Frameworks */,
			);
			runOnlyForDeploymentPostprocessing = 0;
		};
/* End PBXFrameworksBuildPhase section */

/* Begin PBXGroup section */
		0408AE3219D2A4A500F8D0C1 /* Model */ = {
			isa = PBXGroup;
			children = (
				0408ADE519D173E700F8D0C1 /* MatchesData.h */,
				0408ADE619D173E700F8D0C1 /* MatchesData.m */,
				39E271A01AB814F200856D12 /* ApiDataManager.h */,
				39E271A11AB814F200856D12 /* ApiDataManager.m */,
			);
			name = Model;
			sourceTree = "<group>";
		};
		04A5122C19C81D38005CE435 = {
			isa = PBXGroup;
			children = (
				B71C0FCC1AEA353500D43BCF /* ViewControllers */,
				04AD2F8419EB7E980040A91C /* CellList.plist */,
				0408AE3219D2A4A500F8D0C1 /* Model */,
				04AE90B519CC2036009CA1F0 /* Third */,
				04A5129119C83400005CE435 /* Resouces */,
				04A5127E19C81FC9005CE435 /* Views */,
				04A5123E19C81D38005CE435 /* DOTAid */,
				04A5125719C81D38005CE435 /* DOTAidTests */,
				04A5123719C81D38005CE435 /* Frameworks */,
				04A5123619C81D38005CE435 /* Products */,
			);
			sourceTree = "<group>";
		};
		04A5123619C81D38005CE435 /* Products */ = {
			isa = PBXGroup;
			children = (
				04A5123519C81D38005CE435 /* DOTAid.app */,
				04A5125019C81D38005CE435 /* DOTAidTests.xctest */,
			);
			name = Products;
			sourceTree = "<group>";
		};
		04A5123719C81D38005CE435 /* Frameworks */ = {
			isa = PBXGroup;
			children = (
				04AE90F819CC267E009CA1F0 /* libz.dylib */,
				04AE90F619CC2665009CA1F0 /* MobileCoreServices.framework */,
				04AE90F419CC265B009CA1F0 /* SystemConfiguration.framework */,
				04AE90F219CC2650009CA1F0 /* CFNetwork.framework */,
				04A5123819C81D38005CE435 /* Foundation.framework */,
				04A5123A19C81D38005CE435 /* CoreGraphics.framework */,
				04A5123C19C81D38005CE435 /* UIKit.framework */,
				04A5125119C81D38005CE435 /* XCTest.framework */,
			);
			name = Frameworks;
			sourceTree = "<group>";
		};
		04A5123E19C81D38005CE435 /* DOTAid */ = {
			isa = PBXGroup;
			children = (
				04A5124719C81D38005CE435 /* AppDelegate.h */,
				04A5124819C81D38005CE435 /* AppDelegate.m */,
				04A5124A19C81D38005CE435 /* Images.xcassets */,
				04A5123F19C81D38005CE435 /* Supporting Files */,
			);
			path = DOTAid;
			sourceTree = "<group>";
		};
		04A5123F19C81D38005CE435 /* Supporting Files */ = {
			isa = PBXGroup;
			children = (
				04A5124019C81D38005CE435 /* DOTAid-Info.plist */,
				04A5124119C81D38005CE435 /* InfoPlist.strings */,
				04A5124419C81D38005CE435 /* main.m */,
				04A5124619C81D38005CE435 /* DOTAid-Prefix.pch */,
			);
			name = "Supporting Files";
			sourceTree = "<group>";
		};
		04A5125719C81D38005CE435 /* DOTAidTests */ = {
			isa = PBXGroup;
			children = (
				04A5125D19C81D38005CE435 /* DOTAidTests.m */,
				04A5125819C81D38005CE435 /* Supporting Files */,
			);
			path = DOTAidTests;
			sourceTree = "<group>";
		};
		04A5125819C81D38005CE435 /* Supporting Files */ = {
			isa = PBXGroup;
			children = (
				04A5125919C81D38005CE435 /* DOTAidTests-Info.plist */,
				04A5125A19C81D38005CE435 /* InfoPlist.strings */,
			);
			name = "Supporting Files";
			sourceTree = "<group>";
		};
		04A5127E19C81FC9005CE435 /* Views */ = {
			isa = PBXGroup;
			children = (
			);
			name = Views;
			path = DOTAid;
			sourceTree = "<group>";
		};
		04A5129119C83400005CE435 /* Resouces */ = {
			isa = PBXGroup;
			children = (
			);
			name = Resouces;
			sourceTree = "<group>";
		};
		04AE90B519CC2036009CA1F0 /* Third */ = {
			isa = PBXGroup;
			children = (
				B71C0FBC1AEA2E8000D43BCF /* RESideMenu */,
				39E271A31AB81D9900856D12 /* AFNetworking */,
				04AE90B619CC2036009CA1F0 /* jsonKit */,
			);
			path = Third;
			sourceTree = "<group>";
		};
		04AE90B619CC2036009CA1F0 /* jsonKit */ = {
			isa = PBXGroup;
			children = (
				04AE90B719CC2036009CA1F0 /* JSONKit.h */,
				04AE90B819CC2036009CA1F0 /* JSONKit.m */,
			);
			path = jsonKit;
			sourceTree = "<group>";
		};
		39E271A31AB81D9900856D12 /* AFNetworking */ = {
			isa = PBXGroup;
			children = (
				39E271A41AB81D9900856D12 /* AFHTTPRequestOperation.h */,
				39E271A51AB81D9900856D12 /* AFHTTPRequestOperation.m */,
				39E271A61AB81D9900856D12 /* AFHTTPRequestOperationManager.h */,
				39E271A71AB81D9900856D12 /* AFHTTPRequestOperationManager.m */,
				39E271A81AB81D9900856D12 /* AFHTTPSessionManager.h */,
				39E271A91AB81D9900856D12 /* AFHTTPSessionManager.m */,
				39E271AA1AB81D9900856D12 /* AFNetworking.h */,
				39E271AB1AB81D9900856D12 /* AFNetworkReachabilityManager.h */,
				39E271AC1AB81D9900856D12 /* AFNetworkReachabilityManager.m */,
				39E271AD1AB81D9900856D12 /* AFSecurityPolicy.h */,
				39E271AE1AB81D9900856D12 /* AFSecurityPolicy.m */,
				39E271AF1AB81D9900856D12 /* AFURLConnectionOperation.h */,
				39E271B01AB81D9900856D12 /* AFURLConnectionOperation.m */,
				39E271B11AB81D9900856D12 /* AFURLRequestSerialization.h */,
				39E271B21AB81D9900856D12 /* AFURLRequestSerialization.m */,
				39E271B31AB81D9900856D12 /* AFURLResponseSerialization.h */,
				39E271B41AB81D9900856D12 /* AFURLResponseSerialization.m */,
				39E271B51AB81D9900856D12 /* AFURLSessionManager.h */,
				39E271B61AB81D9900856D12 /* AFURLSessionManager.m */,
			);
			path = AFNetworking;
			sourceTree = "<group>";
		};
		B71C0FBC1AEA2E8000D43BCF /* RESideMenu */ = {
			isa = PBXGroup;
			children = (
				B71C0FBD1AEA2E8000D43BCF /* RECommonFunctions.h */,
				B71C0FBE1AEA2E8000D43BCF /* RECommonFunctions.m */,
				B71C0FBF1AEA2E8000D43BCF /* RESideMenu.h */,
				B71C0FC01AEA2E8000D43BCF /* RESideMenu.m */,
				B71C0FC11AEA2E8000D43BCF /* UIViewController+RESideMenu.h */,
				B71C0FC21AEA2E8000D43BCF /* UIViewController+RESideMenu.m */,
			);
			path = RESideMenu;
			sourceTree = "<group>";
		};
		B71C0FCC1AEA353500D43BCF /* ViewControllers */ = {
			isa = PBXGroup;
			children = (
				B71C0FC61AEA347A00D43BCF /* HomeViewController.h */,
				B71C0FC71AEA347A00D43BCF /* HomeViewController.m */,
				B71C0FC91AEA350900D43BCF /* LeftMenuViewController.h */,
				B71C0FCA1AEA350900D43BCF /* LeftMenuViewController.m */,
			);
			name = ViewControllers;
			sourceTree = "<group>";
		};
/* End PBXGroup section */

/* Begin PBXNativeTarget section */
		04A5123419C81D38005CE435 /* DOTAid */ = {
			isa = PBXNativeTarget;
			buildConfigurationList = 04A5126119C81D38005CE435 /* Build configuration list for PBXNativeTarget "DOTAid" */;
			buildPhases = (
				04A5123119C81D38005CE435 /* Sources */,
				04A5123219C81D38005CE435 /* Frameworks */,
				04A5123319C81D38005CE435 /* Resources */,
			);
			buildRules = (
			);
			dependencies = (
			);
			name = DOTAid;
			productName = DOTAid;
			productReference = 04A5123519C81D38005CE435 /* DOTAid.app */;
			productType = "com.apple.product-type.application";
		};
		04A5124F19C81D38005CE435 /* DOTAidTests */ = {
			isa = PBXNativeTarget;
			buildConfigurationList = 04A5126419C81D38005CE435 /* Build configuration list for PBXNativeTarget "DOTAidTests" */;
			buildPhases = (
				04A5124C19C81D38005CE435 /* Sources */,
				04A5124D19C81D38005CE435 /* Frameworks */,
				04A5124E19C81D38005CE435 /* Resources */,
			);
			buildRules = (
			);
			dependencies = (
				04A5125619C81D38005CE435 /* PBXTargetDependency */,
			);
			name = DOTAidTests;
			productName = DOTAidTests;
			productReference = 04A5125019C81D38005CE435 /* DOTAidTests.xctest */;
			productType = "com.apple.product-type.bundle.unit-test";
		};
/* End PBXNativeTarget section */

/* Begin PBXProject section */
		04A5122D19C81D38005CE435 /* Project object */ = {
			isa = PBXProject;
			attributes = {
				LastUpgradeCheck = 0510;
				ORGANIZATIONNAME = com;
				TargetAttributes = {
					04A5123419C81D38005CE435 = {
						DevelopmentTeam = DL6GBFL7D3;
					};
					04A5124F19C81D38005CE435 = {
						TestTargetID = 04A5123419C81D38005CE435;
					};
				};
			};
			buildConfigurationList = 04A5123019C81D38005CE435 /* Build configuration list for PBXProject "DOTAid" */;
			compatibilityVersion = "Xcode 3.2";
			developmentRegion = English;
			hasScannedForEncodings = 0;
			knownRegions = (
				en,
			);
			mainGroup = 04A5122C19C81D38005CE435;
			productRefGroup = 04A5123619C81D38005CE435 /* Products */;
			projectDirPath = "";
			projectRoot = "";
			targets = (
				04A5123419C81D38005CE435 /* DOTAid */,
				04A5124F19C81D38005CE435 /* DOTAidTests */,
			);
		};
/* End PBXProject section */

/* Begin PBXResourcesBuildPhase section */
		04A5123319C81D38005CE435 /* Resources */ = {
			isa = PBXResourcesBuildPhase;
			buildActionMask = 2147483647;
			files = (
				04A5124319C81D38005CE435 /* InfoPlist.strings in Resources */,
				04A5124B19C81D38005CE435 /* Images.xcassets in Resources */,
				04AD2F8519EB7E980040A91C /* CellList.plist in Resources */,
			);
			runOnlyForDeploymentPostprocessing = 0;
		};
		04A5124E19C81D38005CE435 /* Resources */ = {
			isa = PBXResourcesBuildPhase;
			buildActionMask = 2147483647;
			files = (
				04A5125C19C81D38005CE435 /* InfoPlist.strings in Resources */,
			);
			runOnlyForDeploymentPostprocessing = 0;
		};
/* End PBXResourcesBuildPhase section */

/* Begin PBXSourcesBuildPhase section */
		04A5123119C81D38005CE435 /* Sources */ = {
			isa = PBXSourcesBuildPhase;
			buildActionMask = 2147483647;
			files = (
				39E271BD1AB81D9900856D12 /* AFURLRequestSerialization.m in Sources */,
				39E271BC1AB81D9900856D12 /* AFURLConnectionOperation.m in Sources */,
				04A5124919C81D38005CE435 /* AppDelegate.m in Sources */,
				39E271BF1AB81D9900856D12 /* AFURLSessionManager.m in Sources */,
				B71C0FC31AEA2E8000D43BCF /* RECommonFunctions.m in Sources */,
				39E271A21AB814F200856D12 /* ApiDataManager.m in Sources */,
				39E271BB1AB81D9900856D12 /* AFSecurityPolicy.m in Sources */,
				39E271B71AB81D9900856D12 /* AFHTTPRequestOperation.m in Sources */,
				0408ADE719D173E700F8D0C1 /* MatchesData.m in Sources */,
				39E271B91AB81D9900856D12 /* AFHTTPSessionManager.m in Sources */,
				04AE90C819CC2036009CA1F0 /* JSONKit.m in Sources */,
				B71C0FC41AEA2E8000D43BCF /* RESideMenu.m in Sources */,
				39E271B81AB81D9900856D12 /* AFHTTPRequestOperationManager.m in Sources */,
				04A5124519C81D38005CE435 /* main.m in Sources */,
				39E271BA1AB81D9900856D12 /* AFNetworkReachabilityManager.m in Sources */,
				B71C0FCB1AEA350900D43BCF /* LeftMenuViewController.m in Sources */,
				B71C0FC51AEA2E8000D43BCF /* UIViewController+RESideMenu.m in Sources */,
				39E271BE1AB81D9900856D12 /* AFURLResponseSerialization.m in Sources */,
				B71C0FC81AEA347A00D43BCF /* HomeViewController.m in Sources */,
			);
			runOnlyForDeploymentPostprocessing = 0;
		};
		04A5124C19C81D38005CE435 /* Sources */ = {
			isa = PBXSourcesBuildPhase;
			buildActionMask = 2147483647;
			files = (
				04A5125E19C81D38005CE435 /* DOTAidTests.m in Sources */,
			);
			runOnlyForDeploymentPostprocessing = 0;
		};
/* End PBXSourcesBuildPhase section */

/* Begin PBXTargetDependency section */
		04A5125619C81D38005CE435 /* PBXTargetDependency */ = {
			isa = PBXTargetDependency;
			target = 04A5123419C81D38005CE435 /* DOTAid */;
			targetProxy = 04A5125519C81D38005CE435 /* PBXContainerItemProxy */;
		};
/* End PBXTargetDependency section */

/* Begin PBXVariantGroup section */
		04A5124119C81D38005CE435 /* InfoPlist.strings */ = {
			isa = PBXVariantGroup;
			children = (
				04A5124219C81D38005CE435 /* en */,
			);
			name = InfoPlist.strings;
			sourceTree = "<group>";
		};
		04A5125A19C81D38005CE435 /* InfoPlist.strings */ = {
			isa = PBXVariantGroup;
			children = (
				04A5125B19C81D38005CE435 /* en */,
			);
			name = InfoPlist.strings;
			sourceTree = "<group>";
		};
/* End PBXVariantGroup section */

/* Begin XCBuildConfiguration section */
		04A5125F19C81D38005CE435 /* Debug */ = {
			isa = XCBuildConfiguration;
			buildSettings = {
				ALWAYS_SEARCH_USER_PATHS = NO;
				CLANG_CXX_LANGUAGE_STANDARD = "gnu++0x";
				CLANG_CXX_LIBRARY = "libc++";
				CLANG_ENABLE_MODULES = YES;
				CLANG_ENABLE_OBJC_ARC = YES;
				CLANG_WARN_BOOL_CONVERSION = YES;
				CLANG_WARN_CONSTANT_CONVERSION = YES;
				CLANG_WARN_DIRECT_OBJC_ISA_USAGE = YES_ERROR;
				CLANG_WARN_EMPTY_BODY = YES;
				CLANG_WARN_ENUM_CONVERSION = YES;
				CLANG_WARN_INT_CONVERSION = YES;
				CLANG_WARN_OBJC_ROOT_CLASS = YES_ERROR;
				CLANG_WARN__DUPLICATE_METHOD_MATCH = YES;
				"CODE_SIGN_IDENTITY[sdk=iphoneos*]" = "iPhone Developer";
				COPY_PHASE_STRIP = NO;
				GCC_C_LANGUAGE_STANDARD = gnu99;
				GCC_DYNAMIC_NO_PIC = NO;
				GCC_OPTIMIZATION_LEVEL = 0;
				GCC_PREPROCESSOR_DEFINITIONS = (
					"DEBUG=1",
					"$(inherited)",
				);
				GCC_SYMBOLS_PRIVATE_EXTERN = NO;
				GCC_WARN_64_TO_32_BIT_CONVERSION = YES;
				GCC_WARN_ABOUT_RETURN_TYPE = YES_ERROR;
				GCC_WARN_UNDECLARED_SELECTOR = YES;
				GCC_WARN_UNINITIALIZED_AUTOS = YES_AGGRESSIVE;
				GCC_WARN_UNUSED_FUNCTION = YES;
				GCC_WARN_UNUSED_VARIABLE = YES;
				IPHONEOS_DEPLOYMENT_TARGET = 7.1;
				ONLY_ACTIVE_ARCH = YES;
				SDKROOT = iphoneos;
			};
			name = Debug;
		};
		04A5126019C81D38005CE435 /* Release */ = {
			isa = XCBuildConfiguration;
			buildSettings = {
				ALWAYS_SEARCH_USER_PATHS = NO;
				CLANG_CXX_LANGUAGE_STANDARD = "gnu++0x";
				CLANG_CXX_LIBRARY = "libc++";
				CLANG_ENABLE_MODULES = YES;
				CLANG_ENABLE_OBJC_ARC = YES;
				CLANG_WARN_BOOL_CONVERSION = YES;
				CLANG_WARN_CONSTANT_CONVERSION = YES;
				CLANG_WARN_DIRECT_OBJC_ISA_USAGE = YES_ERROR;
				CLANG_WARN_EMPTY_BODY = YES;
				CLANG_WARN_ENUM_CONVERSION = YES;
				CLANG_WARN_INT_CONVERSION = YES;
				CLANG_WARN_OBJC_ROOT_CLASS = YES_ERROR;
				CLANG_WARN__DUPLICATE_METHOD_MATCH = YES;
				"CODE_SIGN_IDENTITY[sdk=iphoneos*]" = "iPhone Developer";
				COPY_PHASE_STRIP = YES;
				ENABLE_NS_ASSERTIONS = NO;
				GCC_C_LANGUAGE_STANDARD = gnu99;
				GCC_WARN_64_TO_32_BIT_CONVERSION = YES;
				GCC_WARN_ABOUT_RETURN_TYPE = YES_ERROR;
				GCC_WARN_UNDECLARED_SELECTOR = YES;
				GCC_WARN_UNINITIALIZED_AUTOS = YES_AGGRESSIVE;
				GCC_WARN_UNUSED_FUNCTION = YES;
				GCC_WARN_UNUSED_VARIABLE = YES;
				IPHONEOS_DEPLOYMENT_TARGET = 7.1;
				SDKROOT = iphoneos;
				VALIDATE_PRODUCT = YES;
			};
			name = Release;
		};
		04A5126219C81D38005CE435 /* Debug */ = {
			isa = XCBuildConfiguration;
			buildSettings = {
				ASSETCATALOG_COMPILER_APPICON_NAME = AppIcon;
				ASSETCATALOG_COMPILER_LAUNCHIMAGE_NAME = LaunchImage;
				CODE_SIGN_IDENTITY = "iPhone Developer";
				GCC_PRECOMPILE_PREFIX_HEADER = YES;
				GCC_PREFIX_HEADER = "DOTAid/DOTAid-Prefix.pch";
				INFOPLIST_FILE = "DOTAid/DOTAid-Info.plist";
				IPHONEOS_DEPLOYMENT_TARGET = 6.0;
				PRODUCT_NAME = "$(TARGET_NAME)";
				WRAPPER_EXTENSION = app;
			};
			name = Debug;
		};
		04A5126319C81D38005CE435 /* Release */ = {
			isa = XCBuildConfiguration;
			buildSettings = {
				ASSETCATALOG_COMPILER_APPICON_NAME = AppIcon;
				ASSETCATALOG_COMPILER_LAUNCHIMAGE_NAME = LaunchImage;
				CODE_SIGN_IDENTITY = "iPhone Developer";
				GCC_PRECOMPILE_PREFIX_HEADER = YES;
				GCC_PREFIX_HEADER = "DOTAid/DOTAid-Prefix.pch";
				INFOPLIST_FILE = "DOTAid/DOTAid-Info.plist";
				IPHONEOS_DEPLOYMENT_TARGET = 6.0;
				PRODUCT_NAME = "$(TARGET_NAME)";
				WRAPPER_EXTENSION = app;
			};
			name = Release;
		};
		04A5126519C81D38005CE435 /* Debug */ = {
			isa = XCBuildConfiguration;
			buildSettings = {
				BUNDLE_LOADER = "$(BUILT_PRODUCTS_DIR)/DOTAid.app/DOTAid";
				FRAMEWORK_SEARCH_PATHS = (
					"$(SDKROOT)/Developer/Library/Frameworks",
					"$(inherited)",
					"$(DEVELOPER_FRAMEWORKS_DIR)",
				);
				GCC_PRECOMPILE_PREFIX_HEADER = YES;
				GCC_PREFIX_HEADER = "DOTAid/DOTAid-Prefix.pch";
				GCC_PREPROCESSOR_DEFINITIONS = (
					"DEBUG=1",
					"$(inherited)",
				);
				INFOPLIST_FILE = "DOTAidTests/DOTAidTests-Info.plist";
				PRODUCT_NAME = "$(TARGET_NAME)";
				TEST_HOST = "$(BUNDLE_LOADER)";
				WRAPPER_EXTENSION = xctest;
			};
			name = Debug;
		};
		04A5126619C81D38005CE435 /* Release */ = {
			isa = XCBuildConfiguration;
			buildSettings = {
				BUNDLE_LOADER = "$(BUILT_PRODUCTS_DIR)/DOTAid.app/DOTAid";
				FRAMEWORK_SEARCH_PATHS = (
					"$(SDKROOT)/Developer/Library/Frameworks",
					"$(inherited)",
					"$(DEVELOPER_FRAMEWORKS_DIR)",
				);
				GCC_PRECOMPILE_PREFIX_HEADER = YES;
				GCC_PREFIX_HEADER = "DOTAid/DOTAid-Prefix.pch";
				INFOPLIST_FILE = "DOTAidTests/DOTAidTests-Info.plist";
				PRODUCT_NAME = "$(TARGET_NAME)";
				TEST_HOST = "$(BUNDLE_LOADER)";
				WRAPPER_EXTENSION = xctest;
			};
			name = Release;
		};
/* End XCBuildConfiguration section */

/* Begin XCConfigurationList section */
		04A5123019C81D38005CE435 /* Build configuration list for PBXProject "DOTAid" */ = {
			isa = XCConfigurationList;
			buildConfigurations = (
				04A5125F19C81D38005CE435 /* Debug */,
				04A5126019C81D38005CE435 /* Release */,
			);
			defaultConfigurationIsVisible = 0;
			defaultConfigurationName = Release;
		};
		04A5126119C81D38005CE435 /* Build configuration list for PBXNativeTarget "DOTAid" */ = {
			isa = XCConfigurationList;
			buildConfigurations = (
				04A5126219C81D38005CE435 /* Debug */,
				04A5126319C81D38005CE435 /* Release */,
			);
			defaultConfigurationIsVisible = 0;
			defaultConfigurationName = Release;
		};
		04A5126419C81D38005CE435 /* Build configuration list for PBXNativeTarget "DOTAidTests" */ = {
			isa = XCConfigurationList;
			buildConfigurations = (
				04A5126519C81D38005CE435 /* Debug */,
				04A5126619C81D38005CE435 /* Release */,
			);
			defaultConfigurationIsVisible = 0;
			defaultConfigurationName = Release;
		};
/* End XCConfigurationList section */
	};
	rootObject = 04A5122D19C81D38005CE435 /* Project object */;
}
